
Microsoft Visual Studio Solution File, Format Version 12.00
# Visual Studio Version 16
VisualStudioVersion = 16.0.32126.315
MinimumVisualStudioVersion = 10.0.40219.1
Project("{FAE04EC0-301F-11D3-BF4B-00C04F79EFBC}") = "Csharp8", "Csharp8\Csharp8.csproj", "{2E3F704F-9ED2-49BA-B951-981B311C4BFF}"
EndProject
Global
	GlobalSection(SolutionConfigurationPlatforms) = preSolution
		Debug|Any CPU = Debug|Any CPU
		Release|Any CPU = Release|Any CPU
	EndGlobalSection
	GlobalSection(ProjectConfigurationPlatforms) = postSolution
		{2E3F704F-9ED2-49BA-B951-981B311C4BFF}.Debug|Any CPU.ActiveCfg = Debug|Any CPU
		{2E3F704F-9ED2-49BA-B951-981B311C4BFF}.Debug|Any CPU.Build.0 = Debug|Any CPU
		{2E3F704F-9ED2-49BA-B951-981B311C4BFF}.Release|Any CPU.ActiveCfg = Release|Any CPU
		{2E3F704F-9ED2-49BA-B951-981B311C4BFF}.Release|Any CPU.Build.0 = Release|Any CPU
	EndGlobalSection
	GlobalSection(SolutionProperties) = preSolution
		HideSolutionNode = FALSE
	EndGlobalSection
	GlobalSection(ExtensibilityGlobals) = postSolution
		SolutionGuid = {E91E51D7-C011-4D3E-8256-7CF4BA977A48}
	EndGlobalSection
EndGlobal
